<?xml version="1.0" encoding="utf-8"?>
<Project ToolsVersion="4.0" xmlns="http://schemas.microsoft.com/developer/msbuild/2003">
  <ItemGroup>
    <Filter Include="Source Files">
      <UniqueIdentifier>{4FC737F1-C7A5-4376-A066-2A32D752A2FF}</UniqueIdentifier>
      <Extensions>cpp;c;cc;cxx;def;odl;idl;hpj;bat;asm;asmx</Extensions>
    </Filter>
    <Filter Include="Header Files">
      <UniqueIdentifier>{93995380-89BD-4b04-88EB-625FBE52EBFB}</UniqueIdentifier>
      <Extensions>h;hh;hpp;hxx;hm;inl;inc;xsd</Extensions>
    </Filter>
    <Filter Include="Resource Files">
      <UniqueIdentifier>{67DA6AB6-F800-4c08-8B7A-83BB121AAD01}</UniqueIdentifier>
      <Extensions>rc;ico;cur;bmp;dlg;rc2;rct;bin;rgs;gif;jpg;jpeg;jpe;resx;tiff;tif;png;wav;mfcribbon-ms</Extensions>
    </Filter>
    <Filter Include="Source Files\misc">
      <UniqueIdentifier>{34e443aa-5f8f-4ccf-adfa-a5eb7965cdf1}</UniqueIdentifier>
    </Filter>
    <Filter Include="Source Files\shaders">
      <UniqueIdentifier>{0a3dbb59-c5b9-436d-b9b8-24ec809249c4}</UniqueIdentifier>
    </Filter>
    <Filter Include="Source Files\graphics">
      <UniqueIdentifier>{40ff6a58-fc5a-4d65-819b-36e4e8702e6b}</UniqueIdentifier>
    </Filter>
    <Filter Include="Source Files\gameplay">
      <UniqueIdentifier>{74e27763-abb5-4455-a2fc-c05e00f7a0a1}</UniqueIdentifier>
    </Filter>
    <Filter Include="Source Files\input">
      <UniqueIdentifier>{e01b957f-8e3a-4e50-835a-453c5964d7ec}</UniqueIdentifier>
    </Filter>
    <Filter Include="Source Files\plugins">
      <UniqueIdentifier>{fd295b0e-8d60-4955-824e-099084e95376}</UniqueIdentifier>
    </Filter>
    <Filter Include="Source Files\plugins\box2d">
      <UniqueIdentifier>{678c8edb-24a5-4329-a2fa-6ff066530ac0}</UniqueIdentifier>
    </Filter>
    <Filter Include="Source Files\plugins\lodepng">
      <UniqueIdentifier>{3562c500-82ab-4051-be74-05f2881d8703}</UniqueIdentifier>
    </Filter>
    <Filter Include="Source Files\plugins\cimg">
      <UniqueIdentifier>{0c028dac-9b8e-431a-b0f0-163fec2ed4e1}</UniqueIdentifier>
    </Filter>
    <Filter Include="Source Files\plugins\rvo">
      <UniqueIdentifier>{9db480f0-da93-4eb3-9007-23b87cdb19eb}</UniqueIdentifier>
    </Filter>
    <Filter Include="Source Files\plugins\recast">
      <UniqueIdentifier>{7aadda66-3319-4ce4-93ec-4f9a6096cfd3}</UniqueIdentifier>
    </Filter>
    <Filter Include="Source Files\gameplay\recast">
      <UniqueIdentifier>{3d8eaae1-8798-482e-b634-7136296289bf}</UniqueIdentifier>
    </Filter>
    <Filter Include="Source Files\aabb">
      <UniqueIdentifier>{0eeca8f8-5b98-405c-ad50-39f4eb52f232}</UniqueIdentifier>
    </Filter>
    <Filter Include="Source Files\plugins\aabb">
      <UniqueIdentifier>{5e645ead-5016-41ad-a422-9b0e3e14a322}</UniqueIdentifier>
    </Filter>
  </ItemGroup>
  <ItemGroup>
    <Text Include="ReadMe.txt" />
  </ItemGroup>
  <ItemGroup>
    <ClInclude Include="stdafx.h">
      <Filter>Header Files</Filter>
    </ClInclude>
    <ClInclude Include="targetver.h">
      <Filter>Header Files</Filter>
    </ClInclude>
    <ClInclude Include="misc\ArrayInt.h">
      <Filter>Source Files\misc</Filter>
    </ClInclude>
    <ClInclude Include="misc\ArrayPtr.h">
      <Filter>Source Files\misc</Filter>
    </ClInclude>
    <ClInclude Include="misc\Auxi.h">
      <Filter>Source Files\misc</Filter>
    </ClInclude>
    <ClInclude Include="misc\BasicMem.h">
      <Filter>Source Files\misc</Filter>
    </ClInclude>
    <ClInclude Include="misc\CharHelper.h">
      <Filter>Source Files\misc</Filter>
    </ClInclude>
    <ClInclude Include="misc\ClassFactory.h">
      <Filter>Source Files\misc</Filter>
    </ClInclude>
    <ClInclude Include="misc\GUID.h">
      <Filter>Source Files\misc</Filter>
    </ClInclude>
    <ClInclude Include="misc\Macros.h">
      <Filter>Source Files\misc</Filter>
    </ClInclude>
    <ClInclude Include="misc\Timer.h">
      <Filter>Source Files\misc</Filter>
    </ClInclude>
    <ClInclude Include="misc\SimpleVector.h">
      <Filter>Source Files\misc</Filter>
    </ClInclude>
    <ClInclude Include="graphics\Renderer.h">
      <Filter>Source Files\graphics</Filter>
    </ClInclude>
    <ClInclude Include="misc\G.h">
      <Filter>Source Files\misc</Filter>
    </ClInclude>
    <ClInclude Include="graphics\GLManager.h">
      <Filter>Source Files\graphics</Filter>
    </ClInclude>
    <ClInclude Include="graphics\GLInstancedSprites.h">
      <Filter>Source Files\graphics</Filter>
    </ClInclude>
    <ClInclude Include="misc\ArrayT.h">
      <Filter>Source Files\misc</Filter>
    </ClInclude>
    <ClInclude Include="misc\ArrayStruct.h">
      <Filter>Source Files\misc</Filter>
    </ClInclude>
    <ClInclude Include="gameplay\Unit.h">
      <Filter>Source Files\gameplay</Filter>
    </ClInclude>
    <ClInclude Include="gameplay\Scene.h">
      <Filter>Source Files\gameplay</Filter>
    </ClInclude>
    <ClInclude Include="misc\WindowsInput.h">
      <Filter>Source Files\input</Filter>
    </ClInclude>
    <ClInclude Include="gameplay\InputManager.h">
      <Filter>Source Files\gameplay</Filter>
    </ClInclude>
    <ClInclude Include="gameplay\OObject.h">
      <Filter>Source Files\gameplay</Filter>
    </ClInclude>
    <ClInclude Include="gameplay\SelectorRect.h">
      <Filter>Source Files\gameplay</Filter>
    </ClInclude>
    <ClInclude Include="gameplay\Camera.h">
      <Filter>Source Files\gameplay</Filter>
    </ClInclude>
    <ClInclude Include="gameplay\StaticCollision.h">
      <Filter>Source Files\gameplay</Filter>
    </ClInclude>
    <ClInclude Include="graphics\GLIMLines.h">
      <Filter>Source Files\graphics</Filter>
    </ClInclude>
    <ClInclude Include="graphics\GLIMCubes.h">
      <Filter>Source Files\graphics</Filter>
    </ClInclude>
    <ClInclude Include="gameplay\Terrain.h">
      <Filter>Source Files\gameplay</Filter>
    </ClInclude>
    <ClInclude Include="plugins\Box2D\Common\b2BlockAllocator.h">
      <Filter>Source Files\plugins\box2d</Filter>
    </ClInclude>
    <ClInclude Include="plugins\Box2D\Common\b2Draw.h">
      <Filter>Source Files\plugins\box2d</Filter>
    </ClInclude>
    <ClInclude Include="plugins\Box2D\Common\b2GrowableStack.h">
      <Filter>Source Files\plugins\box2d</Filter>
    </ClInclude>
    <ClInclude Include="plugins\Box2D\Common\b2Math.h">
      <Filter>Source Files\plugins\box2d</Filter>
    </ClInclude>
    <ClInclude Include="plugins\Box2D\Common\b2Settings.h">
      <Filter>Source Files\plugins\box2d</Filter>
    </ClInclude>
    <ClInclude Include="plugins\Box2D\Common\b2StackAllocator.h">
      <Filter>Source Files\plugins\box2d</Filter>
    </ClInclude>
    <ClInclude Include="plugins\Box2D\Common\b2Timer.h">
      <Filter>Source Files\plugins\box2d</Filter>
    </ClInclude>
    <ClInclude Include="plugins\Box2D\Dynamics\b2Body.h">
      <Filter>Source Files\plugins\box2d</Filter>
    </ClInclude>
    <ClInclude Include="plugins\Box2D\Dynamics\b2ContactManager.h">
      <Filter>Source Files\plugins\box2d</Filter>
    </ClInclude>
    <ClInclude Include="plugins\Box2D\Dynamics\b2Fixture.h">
      <Filter>Source Files\plugins\box2d</Filter>
    </ClInclude>
    <ClInclude Include="plugins\Box2D\Dynamics\b2Island.h">
      <Filter>Source Files\plugins\box2d</Filter>
    </ClInclude>
    <ClInclude Include="plugins\Box2D\Dynamics\b2TimeStep.h">
      <Filter>Source Files\plugins\box2d</Filter>
    </ClInclude>
    <ClInclude Include="plugins\Box2D\Dynamics\b2World.h">
      <Filter>Source Files\plugins\box2d</Filter>
    </ClInclude>
    <ClInclude Include="plugins\Box2D\Dynamics\b2WorldCallbacks.h">
      <Filter>Source Files\plugins\box2d</Filter>
    </ClInclude>
    <ClInclude Include="plugins\Box2D\Dynamics\Contacts\b2ChainAndCircleContact.h">
      <Filter>Source Files\plugins\box2d</Filter>
    </ClInclude>
    <ClInclude Include="plugins\Box2D\Dynamics\Contacts\b2ChainAndPolygonContact.h">
      <Filter>Source Files\plugins\box2d</Filter>
    </ClInclude>
    <ClInclude Include="plugins\Box2D\Dynamics\Contacts\b2CircleContact.h">
      <Filter>Source Files\plugins\box2d</Filter>
    </ClInclude>
    <ClInclude Include="plugins\Box2D\Dynamics\Contacts\b2Contact.h">
      <Filter>Source Files\plugins\box2d</Filter>
    </ClInclude>
    <ClInclude Include="plugins\Box2D\Dynamics\Contacts\b2ContactSolver.h">
      <Filter>Source Files\plugins\box2d</Filter>
    </ClInclude>
    <ClInclude Include="plugins\Box2D\Dynamics\Contacts\b2EdgeAndCircleContact.h">
      <Filter>Source Files\plugins\box2d</Filter>
    </ClInclude>
    <ClInclude Include="plugins\Box2D\Dynamics\Contacts\b2EdgeAndPolygonContact.h">
      <Filter>Source Files\plugins\box2d</Filter>
    </ClInclude>
    <ClInclude Include="plugins\Box2D\Dynamics\Contacts\b2PolygonAndCircleContact.h">
      <Filter>Source Files\plugins\box2d</Filter>
    </ClInclude>
    <ClInclude Include="plugins\Box2D\Dynamics\Contacts\b2PolygonContact.h">
      <Filter>Source Files\plugins\box2d</Filter>
    </ClInclude>
    <ClInclude Include="plugins\Box2D\Dynamics\Joints\b2DistanceJoint.h">
      <Filter>Source Files\plugins\box2d</Filter>
    </ClInclude>
    <ClInclude Include="plugins\Box2D\Dynamics\Joints\b2FrictionJoint.h">
      <Filter>Source Files\plugins\box2d</Filter>
    </ClInclude>
    <ClInclude Include="plugins\Box2D\Dynamics\Joints\b2GearJoint.h">
      <Filter>Source Files\plugins\box2d</Filter>
    </ClInclude>
    <ClInclude Include="plugins\Box2D\Dynamics\Joints\b2Joint.h">
      <Filter>Source Files\plugins\box2d</Filter>
    </ClInclude>
    <ClInclude Include="plugins\Box2D\Dynamics\Joints\b2MotorJoint.h">
      <Filter>Source Files\plugins\box2d</Filter>
    </ClInclude>
    <ClInclude Include="plugins\Box2D\Dynamics\Joints\b2MouseJoint.h">
      <Filter>Source Files\plugins\box2d</Filter>
    </ClInclude>
    <ClInclude Include="plugins\Box2D\Dynamics\Joints\b2PrismaticJoint.h">
      <Filter>Source Files\plugins\box2d</Filter>
    </ClInclude>
    <ClInclude Include="plugins\Box2D\Dynamics\Joints\b2PulleyJoint.h">
      <Filter>Source Files\plugins\box2d</Filter>
    </ClInclude>
    <ClInclude Include="plugins\Box2D\Dynamics\Joints\b2RevoluteJoint.h">
      <Filter>Source Files\plugins\box2d</Filter>
    </ClInclude>
    <ClInclude Include="plugins\Box2D\Dynamics\Joints\b2RopeJoint.h">
      <Filter>Source Files\plugins\box2d</Filter>
    </ClInclude>
    <ClInclude Include="plugins\Box2D\Dynamics\Joints\b2WeldJoint.h">
      <Filter>Source Files\plugins\box2d</Filter>
    </ClInclude>
    <ClInclude Include="plugins\Box2D\Dynamics\Joints\b2WheelJoint.h">
      <Filter>Source Files\plugins\box2d</Filter>
    </ClInclude>
    <ClInclude Include="plugins\Box2D\Rope\b2Rope.h">
      <Filter>Source Files\plugins\box2d</Filter>
    </ClInclude>
    <ClInclude Include="plugins\Box2D\Box2D.h">
      <Filter>Source Files\plugins\box2d</Filter>
    </ClInclude>
    <ClInclude Include="plugins\Box2D\Collision\b2BroadPhase.h">
      <Filter>Source Files\plugins\box2d</Filter>
    </ClInclude>
    <ClInclude Include="plugins\Box2D\Collision\b2Collision.h">
      <Filter>Source Files\plugins\box2d</Filter>
    </ClInclude>
    <ClInclude Include="plugins\Box2D\Collision\b2Distance.h">
      <Filter>Source Files\plugins\box2d</Filter>
    </ClInclude>
    <ClInclude Include="plugins\Box2D\Collision\b2DynamicTree.h">
      <Filter>Source Files\plugins\box2d</Filter>
    </ClInclude>
    <ClInclude Include="plugins\Box2D\Collision\b2TimeOfImpact.h">
      <Filter>Source Files\plugins\box2d</Filter>
    </ClInclude>
    <ClInclude Include="plugins\Box2D\Collision\Shapes\b2ChainShape.h">
      <Filter>Source Files\plugins\box2d</Filter>
    </ClInclude>
    <ClInclude Include="plugins\Box2D\Collision\Shapes\b2CircleShape.h">
      <Filter>Source Files\plugins\box2d</Filter>
    </ClInclude>
    <ClInclude Include="plugins\Box2D\Collision\Shapes\b2EdgeShape.h">
      <Filter>Source Files\plugins\box2d</Filter>
    </ClInclude>
    <ClInclude Include="plugins\Box2D\Collision\Shapes\b2PolygonShape.h">
      <Filter>Source Files\plugins\box2d</Filter>
    </ClInclude>
    <ClInclude Include="plugins\Box2D\Collision\Shapes\b2Shape.h">
      <Filter>Source Files\plugins\box2d</Filter>
    </ClInclude>
    <ClInclude Include="plugins\lodepng\lodepng.h">
      <Filter>Source Files\plugins\lodepng</Filter>
    </ClInclude>
    <ClInclude Include="plugins\lodepng\lodepng_util.h">
      <Filter>Source Files\plugins\lodepng</Filter>
    </ClInclude>
    <ClInclude Include="plugins\cimg\CImg.h">
      <Filter>Source Files\plugins\cimg</Filter>
    </ClInclude>
    <ClInclude Include="plugins\rvo\KdTree.h">
      <Filter>Source Files\plugins\rvo</Filter>
    </ClInclude>
    <ClInclude Include="plugins\rvo\Obstacle.h">
      <Filter>Source Files\plugins\rvo</Filter>
    </ClInclude>
    <ClInclude Include="plugins\rvo\RVO.h">
      <Filter>Source Files\plugins\rvo</Filter>
    </ClInclude>
    <ClInclude Include="plugins\rvo\RVOSimulator.h">
      <Filter>Source Files\plugins\rvo</Filter>
    </ClInclude>
    <ClInclude Include="plugins\rvo\Vector2.h">
      <Filter>Source Files\plugins\rvo</Filter>
    </ClInclude>
    <ClInclude Include="plugins\rvo\Agent.h">
      <Filter>Source Files\plugins\rvo</Filter>
    </ClInclude>
    <ClInclude Include="plugins\rvo\Definitions.h">
      <Filter>Source Files\plugins\rvo</Filter>
    </ClInclude>
    <ClInclude Include="gameplay\RVOManager.h">
      <Filter>Source Files\gameplay</Filter>
    </ClInclude>
    <ClInclude Include="gameplay\RecastManager.h">
      <Filter>Source Files\gameplay</Filter>
    </ClInclude>
    <ClInclude Include="plugins\recast\DetourCrowd\Include\DetourCrowd.h">
      <Filter>Source Files\plugins\recast</Filter>
    </ClInclude>
    <ClInclude Include="plugins\recast\DetourCrowd\Include\DetourLocalBoundary.h">
      <Filter>Source Files\plugins\recast</Filter>
    </ClInclude>
    <ClInclude Include="plugins\recast\DetourCrowd\Include\DetourObstacleAvoidance.h">
      <Filter>Source Files\plugins\recast</Filter>
    </ClInclude>
    <ClInclude Include="plugins\recast\DetourCrowd\Include\DetourPathCorridor.h">
      <Filter>Source Files\plugins\recast</Filter>
    </ClInclude>
    <ClInclude Include="plugins\recast\DetourCrowd\Include\DetourPathQueue.h">
      <Filter>Source Files\plugins\recast</Filter>
    </ClInclude>
    <ClInclude Include="plugins\recast\DetourCrowd\Include\DetourProximityGrid.h">
      <Filter>Source Files\plugins\recast</Filter>
    </ClInclude>
    <ClInclude Include="plugins\recast\DetourTileCache\Include\DetourTileCache.h">
      <Filter>Source Files\plugins\recast</Filter>
    </ClInclude>
    <ClInclude Include="plugins\recast\DetourTileCache\Include\DetourTileCacheBuilder.h">
      <Filter>Source Files\plugins\recast</Filter>
    </ClInclude>
    <ClInclude Include="plugins\recast\Recast\Include\Recast.h">
      <Filter>Source Files\plugins\recast</Filter>
    </ClInclude>
    <ClInclude Include="plugins\recast\Recast\Include\RecastAlloc.h">
      <Filter>Source Files\plugins\recast</Filter>
    </ClInclude>
    <ClInclude Include="plugins\recast\Recast\Include\RecastAssert.h">
      <Filter>Source Files\plugins\recast</Filter>
    </ClInclude>
    <ClInclude Include="plugins\recast\DebugUtils\Include\DebugDraw.h">
      <Filter>Source Files\plugins\recast</Filter>
    </ClInclude>
    <ClInclude Include="plugins\recast\DebugUtils\Include\DetourDebugDraw.h">
      <Filter>Source Files\plugins\recast</Filter>
    </ClInclude>
    <ClInclude Include="plugins\recast\DebugUtils\Include\RecastDebugDraw.h">
      <Filter>Source Files\plugins\recast</Filter>
    </ClInclude>
    <ClInclude Include="plugins\recast\DebugUtils\Include\RecastDump.h">
      <Filter>Source Files\plugins\recast</Filter>
    </ClInclude>
    <ClInclude Include="plugins\recast\Detour\Include\DetourAlloc.h">
      <Filter>Source Files\plugins\recast</Filter>
    </ClInclude>
    <ClInclude Include="plugins\recast\Detour\Include\DetourAssert.h">
      <Filter>Source Files\plugins\recast</Filter>
    </ClInclude>
    <ClInclude Include="plugins\recast\Detour\Include\DetourCommon.h">
      <Filter>Source Files\plugins\recast</Filter>
    </ClInclude>
    <ClInclude Include="plugins\recast\Detour\Include\DetourMath.h">
      <Filter>Source Files\plugins\recast</Filter>
    </ClInclude>
    <ClInclude Include="plugins\recast\Detour\Include\DetourNavMesh.h">
      <Filter>Source Files\plugins\recast</Filter>
    </ClInclude>
    <ClInclude Include="plugins\recast\Detour\Include\DetourNavMeshBuilder.h">
      <Filter>Source Files\plugins\recast</Filter>
    </ClInclude>
    <ClInclude Include="plugins\recast\Detour\Include\DetourNavMeshQuery.h">
      <Filter>Source Files\plugins\recast</Filter>
    </ClInclude>
    <ClInclude Include="plugins\recast\Detour\Include\DetourNode.h">
      <Filter>Source Files\plugins\recast</Filter>
    </ClInclude>
    <ClInclude Include="plugins\recast\Detour\Include\DetourStatus.h">
      <Filter>Source Files\plugins\recast</Filter>
    </ClInclude>
    <ClInclude Include="gameplay\recast\ChunkyTriMesh.h">
      <Filter>Source Files\gameplay\recast</Filter>
    </ClInclude>
    <ClInclude Include="gameplay\recast\InputGeom.h">
      <Filter>Source Files\gameplay\recast</Filter>
    </ClInclude>
    <ClInclude Include="gameplay\recast\MeshLoaderObj.h">
      <Filter>Source Files\gameplay\recast</Filter>
    </ClInclude>
    <ClInclude Include="gameplay\recast\SampleInterfaces.h">
      <Filter>Source Files\gameplay\recast</Filter>
    </ClInclude>
    <ClInclude Include="gameplay\AABBManager.h">
      <Filter>Source Files\gameplay</Filter>
    </ClInclude>
    <ClInclude Include="aabb\AABBNode.h">
      <Filter>Source Files\aabb</Filter>
    </ClInclude>
    <ClInclude Include="plugins\aabbcc\AABB.h">
      <Filter>Source Files\plugins\aabb</Filter>
    </ClInclude>
  </ItemGroup>
  <ItemGroup>
    <ClCompile Include="stdafx.cpp">
      <Filter>Source Files</Filter>
    </ClCompile>
    <ClCompile Include="RTS.cpp">
      <Filter>Source Files</Filter>
    </ClCompile>
    <ClCompile Include="misc\ArrayInt.cpp">
      <Filter>Source Files\misc</Filter>
    </ClCompile>
    <ClCompile Include="misc\ArrayPtr.cpp">
      <Filter>Source Files\misc</Filter>
    </ClCompile>
    <ClCompile Include="misc\Auxi.cpp">
      <Filter>Source Files\misc</Filter>
    </ClCompile>
    <ClCompile Include="misc\BasicMem.cpp">
      <Filter>Source Files\misc</Filter>
    </ClCompile>
    <ClCompile Include="misc\CharHelper.cpp">
      <Filter>Source Files\misc</Filter>
    </ClCompile>
    <ClCompile Include="misc\ClassFactory.cpp">
      <Filter>Source Files\misc</Filter>
    </ClCompile>
    <ClCompile Include="misc\GUID.cpp">
      <Filter>Source Files\misc</Filter>
    </ClCompile>
    <ClCompile Include="misc\Timer.cpp">
      <Filter>Source Files\misc</Filter>
    </ClCompile>
    <ClCompile Include="graphics\Renderer.cpp">
      <Filter>Source Files\graphics</Filter>
    </ClCompile>
    <ClCompile Include="misc\G.cpp">
      <Filter>Source Files\misc</Filter>
    </ClCompile>
    <ClCompile Include="graphics\GLManager.cpp">
      <Filter>Source Files\graphics</Filter>
    </ClCompile>
    <ClCompile Include="graphics\GLInstancedSprites.cpp">
      <Filter>Source Files\graphics</Filter>
    </ClCompile>
    <ClCompile Include="gameplay\Unit.cpp">
      <Filter>Source Files\gameplay</Filter>
    </ClCompile>
    <ClCompile Include="gameplay\Scene.cpp">
      <Filter>Source Files\gameplay</Filter>
    </ClCompile>
    <ClCompile Include="misc\WindowsInput.cpp">
      <Filter>Source Files\input</Filter>
    </ClCompile>
    <ClCompile Include="gameplay\InputManager.cpp">
      <Filter>Source Files\gameplay</Filter>
    </ClCompile>
    <ClCompile Include="gameplay\OObject.cpp">
      <Filter>Source Files\gameplay</Filter>
    </ClCompile>
    <ClCompile Include="gameplay\SelectorRect.cpp">
      <Filter>Source Files\gameplay</Filter>
    </ClCompile>
    <ClCompile Include="gameplay\Camera.cpp">
      <Filter>Source Files\gameplay</Filter>
    </ClCompile>
    <ClCompile Include="gameplay\StaticCollision.cpp">
      <Filter>Source Files\gameplay</Filter>
    </ClCompile>
    <ClCompile Include="graphics\GLIMLines.cpp">
      <Filter>Source Files\graphics</Filter>
    </ClCompile>
    <ClCompile Include="graphics\GLIMCubes.cpp">
      <Filter>Source Files\graphics</Filter>
    </ClCompile>
    <ClCompile Include="gameplay\Terrain.cpp">
      <Filter>Source Files\gameplay</Filter>
    </ClCompile>
    <ClCompile Include="plugins\Box2D\Common\b2BlockAllocator.cpp">
      <Filter>Source Files\plugins\box2d</Filter>
    </ClCompile>
    <ClCompile Include="plugins\Box2D\Common\b2Draw.cpp">
      <Filter>Source Files\plugins\box2d</Filter>
    </ClCompile>
    <ClCompile Include="plugins\Box2D\Common\b2Math.cpp">
      <Filter>Source Files\plugins\box2d</Filter>
    </ClCompile>
    <ClCompile Include="plugins\Box2D\Common\b2Settings.cpp">
      <Filter>Source Files\plugins\box2d</Filter>
    </ClCompile>
    <ClCompile Include="plugins\Box2D\Common\b2StackAllocator.cpp">
      <Filter>Source Files\plugins\box2d</Filter>
    </ClCompile>
    <ClCompile Include="plugins\Box2D\Common\b2Timer.cpp">
      <Filter>Source Files\plugins\box2d</Filter>
    </ClCompile>
    <ClCompile Include="plugins\Box2D\Dynamics\b2Body.cpp">
      <Filter>Source Files\plugins\box2d</Filter>
    </ClCompile>
    <ClCompile Include="plugins\Box2D\Dynamics\b2ContactManager.cpp">
      <Filter>Source Files\plugins\box2d</Filter>
    </ClCompile>
    <ClCompile Include="plugins\Box2D\Dynamics\b2Fixture.cpp">
      <Filter>Source Files\plugins\box2d</Filter>
    </ClCompile>
    <ClCompile Include="plugins\Box2D\Dynamics\b2Island.cpp">
      <Filter>Source Files\plugins\box2d</Filter>
    </ClCompile>
    <ClCompile Include="plugins\Box2D\Dynamics\b2World.cpp">
      <Filter>Source Files\plugins\box2d</Filter>
    </ClCompile>
    <ClCompile Include="plugins\Box2D\Dynamics\b2WorldCallbacks.cpp">
      <Filter>Source Files\plugins\box2d</Filter>
    </ClCompile>
    <ClCompile Include="plugins\Box2D\Dynamics\Contacts\b2ChainAndCircleContact.cpp">
      <Filter>Source Files\plugins\box2d</Filter>
    </ClCompile>
    <ClCompile Include="plugins\Box2D\Dynamics\Contacts\b2ChainAndPolygonContact.cpp">
      <Filter>Source Files\plugins\box2d</Filter>
    </ClCompile>
    <ClCompile Include="plugins\Box2D\Dynamics\Contacts\b2CircleContact.cpp">
      <Filter>Source Files\plugins\box2d</Filter>
    </ClCompile>
    <ClCompile Include="plugins\Box2D\Dynamics\Contacts\b2Contact.cpp">
      <Filter>Source Files\plugins\box2d</Filter>
    </ClCompile>
    <ClCompile Include="plugins\Box2D\Dynamics\Contacts\b2ContactSolver.cpp">
      <Filter>Source Files\plugins\box2d</Filter>
    </ClCompile>
    <ClCompile Include="plugins\Box2D\Dynamics\Contacts\b2EdgeAndCircleContact.cpp">
      <Filter>Source Files\plugins\box2d</Filter>
    </ClCompile>
    <ClCompile Include="plugins\Box2D\Dynamics\Contacts\b2EdgeAndPolygonContact.cpp">
      <Filter>Source Files\plugins\box2d</Filter>
    </ClCompile>
    <ClCompile Include="plugins\Box2D\Dynamics\Contacts\b2PolygonAndCircleContact.cpp">
      <Filter>Source Files\plugins\box2d</Filter>
    </ClCompile>
    <ClCompile Include="plugins\Box2D\Dynamics\Contacts\b2PolygonContact.cpp">
      <Filter>Source Files\plugins\box2d</Filter>
    </ClCompile>
    <ClCompile Include="plugins\Box2D\Dynamics\Joints\b2DistanceJoint.cpp">
      <Filter>Source Files\plugins\box2d</Filter>
    </ClCompile>
    <ClCompile Include="plugins\Box2D\Dynamics\Joints\b2FrictionJoint.cpp">
      <Filter>Source Files\plugins\box2d</Filter>
    </ClCompile>
    <ClCompile Include="plugins\Box2D\Dynamics\Joints\b2GearJoint.cpp">
      <Filter>Source Files\plugins\box2d</Filter>
    </ClCompile>
    <ClCompile Include="plugins\Box2D\Dynamics\Joints\b2Joint.cpp">
      <Filter>Source Files\plugins\box2d</Filter>
    </ClCompile>
    <ClCompile Include="plugins\Box2D\Dynamics\Joints\b2MotorJoint.cpp">
      <Filter>Source Files\plugins\box2d</Filter>
    </ClCompile>
    <ClCompile Include="plugins\Box2D\Dynamics\Joints\b2MouseJoint.cpp">
      <Filter>Source Files\plugins\box2d</Filter>
    </ClCompile>
    <ClCompile Include="plugins\Box2D\Dynamics\Joints\b2PrismaticJoint.cpp">
      <Filter>Source Files\plugins\box2d</Filter>
    </ClCompile>
    <ClCompile Include="plugins\Box2D\Dynamics\Joints\b2PulleyJoint.cpp">
      <Filter>Source Files\plugins\box2d</Filter>
    </ClCompile>
    <ClCompile Include="plugins\Box2D\Dynamics\Joints\b2RevoluteJoint.cpp">
      <Filter>Source Files\plugins\box2d</Filter>
    </ClCompile>
    <ClCompile Include="plugins\Box2D\Dynamics\Joints\b2RopeJoint.cpp">
      <Filter>Source Files\plugins\box2d</Filter>
    </ClCompile>
    <ClCompile Include="plugins\Box2D\Dynamics\Joints\b2WeldJoint.cpp">
      <Filter>Source Files\plugins\box2d</Filter>
    </ClCompile>
    <ClCompile Include="plugins\Box2D\Dynamics\Joints\b2WheelJoint.cpp">
      <Filter>Source Files\plugins\box2d</Filter>
    </ClCompile>
    <ClCompile Include="plugins\Box2D\Rope\b2Rope.cpp">
      <Filter>Source Files\plugins\box2d</Filter>
    </ClCompile>
    <ClCompile Include="plugins\Box2D\Collision\b2BroadPhase.cpp">
      <Filter>Source Files\plugins\box2d</Filter>
    </ClCompile>
    <ClCompile Include="plugins\Box2D\Collision\b2CollideCircle.cpp">
      <Filter>Source Files\plugins\box2d</Filter>
    </ClCompile>
    <ClCompile Include="plugins\Box2D\Collision\b2CollideEdge.cpp">
      <Filter>Source Files\plugins\box2d</Filter>
    </ClCompile>
    <ClCompile Include="plugins\Box2D\Collision\b2CollidePolygon.cpp">
      <Filter>Source Files\plugins\box2d</Filter>
    </ClCompile>
    <ClCompile Include="plugins\Box2D\Collision\b2Collision.cpp">
      <Filter>Source Files\plugins\box2d</Filter>
    </ClCompile>
    <ClCompile Include="plugins\Box2D\Collision\b2Distance.cpp">
      <Filter>Source Files\plugins\box2d</Filter>
    </ClCompile>
    <ClCompile Include="plugins\Box2D\Collision\b2DynamicTree.cpp">
      <Filter>Source Files\plugins\box2d</Filter>
    </ClCompile>
    <ClCompile Include="plugins\Box2D\Collision\b2TimeOfImpact.cpp">
      <Filter>Source Files\plugins\box2d</Filter>
    </ClCompile>
    <ClCompile Include="plugins\Box2D\Collision\Shapes\b2ChainShape.cpp">
      <Filter>Source Files\plugins\box2d</Filter>
    </ClCompile>
    <ClCompile Include="plugins\Box2D\Collision\Shapes\b2CircleShape.cpp">
      <Filter>Source Files\plugins\box2d</Filter>
    </ClCompile>
    <ClCompile Include="plugins\Box2D\Collision\Shapes\b2EdgeShape.cpp">
      <Filter>Source Files\plugins\box2d</Filter>
    </ClCompile>
    <ClCompile Include="plugins\Box2D\Collision\Shapes\b2PolygonShape.cpp">
      <Filter>Source Files\plugins\box2d</Filter>
    </ClCompile>
    <ClCompile Include="plugins\lodepng\lodepng.cpp">
      <Filter>Source Files\plugins\lodepng</Filter>
    </ClCompile>
    <ClCompile Include="plugins\lodepng\lodepng_util.cpp">
      <Filter>Source Files\plugins\lodepng</Filter>
    </ClCompile>
    <ClCompile Include="plugins\lodepng\pngdetail.cpp">
      <Filter>Source Files\plugins\lodepng</Filter>
    </ClCompile>
    <ClCompile Include="plugins\rvo\Agent.cpp">
      <Filter>Source Files\plugins\rvo</Filter>
    </ClCompile>
    <ClCompile Include="plugins\rvo\KdTree.cpp">
      <Filter>Source Files\plugins\rvo</Filter>
    </ClCompile>
    <ClCompile Include="plugins\rvo\Obstacle.cpp">
      <Filter>Source Files\plugins\rvo</Filter>
    </ClCompile>
    <ClCompile Include="plugins\rvo\RVOSimulator.cpp">
      <Filter>Source Files\plugins\rvo</Filter>
    </ClCompile>
    <ClCompile Include="gameplay\RVOManager.cpp">
      <Filter>Source Files\gameplay</Filter>
    </ClCompile>
    <ClCompile Include="gameplay\RecastManager.cpp">
      <Filter>Source Files\gameplay</Filter>
    </ClCompile>
    <ClCompile Include="plugins\recast\DetourCrowd\Source\DetourCrowd.cpp">
      <Filter>Source Files\plugins\recast</Filter>
    </ClCompile>
    <ClCompile Include="plugins\recast\DetourCrowd\Source\DetourLocalBoundary.cpp">
      <Filter>Source Files\plugins\recast</Filter>
    </ClCompile>
    <ClCompile Include="plugins\recast\DetourCrowd\Source\DetourObstacleAvoidance.cpp">
      <Filter>Source Files\plugins\recast</Filter>
    </ClCompile>
    <ClCompile Include="plugins\recast\DetourCrowd\Source\DetourPathCorridor.cpp">
      <Filter>Source Files\plugins\recast</Filter>
    </ClCompile>
    <ClCompile Include="plugins\recast\DetourCrowd\Source\DetourPathQueue.cpp">
      <Filter>Source Files\plugins\recast</Filter>
    </ClCompile>
    <ClCompile Include="plugins\recast\DetourCrowd\Source\DetourProximityGrid.cpp">
      <Filter>Source Files\plugins\recast</Filter>
    </ClCompile>
    <ClCompile Include="plugins\recast\DetourTileCache\Source\DetourTileCache.cpp">
      <Filter>Source Files\plugins\recast</Filter>
    </ClCompile>
    <ClCompile Include="plugins\recast\DetourTileCache\Source\DetourTileCacheBuilder.cpp">
      <Filter>Source Files\plugins\recast</Filter>
    </ClCompile>
    <ClCompile Include="plugins\recast\Recast\Source\Recast.cpp">
      <Filter>Source Files\plugins\recast</Filter>
    </ClCompile>
    <ClCompile Include="plugins\recast\Recast\Source\RecastAlloc.cpp">
      <Filter>Source Files\plugins\recast</Filter>
    </ClCompile>
    <ClCompile Include="plugins\recast\Recast\Source\RecastArea.cpp">
      <Filter>Source Files\plugins\recast</Filter>
    </ClCompile>
    <ClCompile Include="plugins\recast\Recast\Source\RecastAssert.cpp">
      <Filter>Source Files\plugins\recast</Filter>
    </ClCompile>
    <ClCompile Include="plugins\recast\Recast\Source\RecastContour.cpp">
      <Filter>Source Files\plugins\recast</Filter>
    </ClCompile>
    <ClCompile Include="plugins\recast\Recast\Source\RecastFilter.cpp">
      <Filter>Source Files\plugins\recast</Filter>
    </ClCompile>
    <ClCompile Include="plugins\recast\Recast\Source\RecastLayers.cpp">
      <Filter>Source Files\plugins\recast</Filter>
    </ClCompile>
    <ClCompile Include="plugins\recast\Recast\Source\RecastMesh.cpp">
      <Filter>Source Files\plugins\recast</Filter>
    </ClCompile>
    <ClCompile Include="plugins\recast\Recast\Source\RecastMeshDetail.cpp">
      <Filter>Source Files\plugins\recast</Filter>
    </ClCompile>
    <ClCompile Include="plugins\recast\Recast\Source\RecastRasterization.cpp">
      <Filter>Source Files\plugins\recast</Filter>
    </ClCompile>
    <ClCompile Include="plugins\recast\Recast\Source\RecastRegion.cpp">
      <Filter>Source Files\plugins\recast</Filter>
    </ClCompile>
    <ClCompile Include="plugins\recast\DebugUtils\Source\DebugDraw.cpp">
      <Filter>Source Files\plugins\recast</Filter>
    </ClCompile>
    <ClCompile Include="plugins\recast\DebugUtils\Source\DetourDebugDraw.cpp">
      <Filter>Source Files\plugins\recast</Filter>
    </ClCompile>
    <ClCompile Include="plugins\recast\DebugUtils\Source\RecastDebugDraw.cpp">
      <Filter>Source Files\plugins\recast</Filter>
    </ClCompile>
    <ClCompile Include="plugins\recast\DebugUtils\Source\RecastDump.cpp">
      <Filter>Source Files\plugins\recast</Filter>
    </ClCompile>
    <ClCompile Include="plugins\recast\Detour\Source\DetourAlloc.cpp">
      <Filter>Source Files\plugins\recast</Filter>
    </ClCompile>
    <ClCompile Include="plugins\recast\Detour\Source\DetourAssert.cpp">
      <Filter>Source Files\plugins\recast</Filter>
    </ClCompile>
    <ClCompile Include="plugins\recast\Detour\Source\DetourCommon.cpp">
      <Filter>Source Files\plugins\recast</Filter>
    </ClCompile>
    <ClCompile Include="plugins\recast\Detour\Source\DetourNavMesh.cpp">
      <Filter>Source Files\plugins\recast</Filter>
    </ClCompile>
    <ClCompile Include="plugins\recast\Detour\Source\DetourNavMeshBuilder.cpp">
      <Filter>Source Files\plugins\recast</Filter>
    </ClCompile>
    <ClCompile Include="plugins\recast\Detour\Source\DetourNavMeshQuery.cpp">
      <Filter>Source Files\plugins\recast</Filter>
    </ClCompile>
    <ClCompile Include="plugins\recast\Detour\Source\DetourNode.cpp">
      <Filter>Source Files\plugins\recast</Filter>
    </ClCompile>
    <ClCompile Include="gameplay\recast\InputGeom.cpp">
      <Filter>Source Files\gameplay\recast</Filter>
    </ClCompile>
    <ClCompile Include="gameplay\recast\MeshLoaderObj.cpp">
      <Filter>Source Files\gameplay\recast</Filter>
    </ClCompile>
    <ClCompile Include="gameplay\recast\ChunkyTriMesh.cpp">
      <Filter>Source Files\gameplay\recast</Filter>
    </ClCompile>
    <ClCompile Include="gameplay\recast\SampleInterfaces.cpp">
      <Filter>Source Files\gameplay\recast</Filter>
    </ClCompile>
    <ClCompile Include="gameplay\AABBManager.cpp">
      <Filter>Source Files\gameplay</Filter>
    </ClCompile>
    <ClCompile Include="aabb\AABBNode.cpp">
      <Filter>Source Files\aabb</Filter>
    </ClCompile>
    <ClCompile Include="plugins\aabbcc\AABB.cpp">
      <Filter>Source Files\plugins\aabb</Filter>
    </ClCompile>
  </ItemGroup>
  <ItemGroup>
    <None Include="..\x64\Debug\shaders\sprite_fs.glsl">
      <Filter>Source Files\shaders</Filter>
    </None>
    <None Include="..\x64\Debug\shaders\sprite_vs.glsl">
      <Filter>Source Files\shaders</Filter>
    </None>
    <None Include="..\x64\Debug\shaders\cube_fs.glsl">
      <Filter>Source Files\shaders</Filter>
    </None>
    <None Include="..\x64\Debug\shaders\cube_vs.glsl">
      <Filter>Source Files\shaders</Filter>
    </None>
    <None Include="..\x64\Debug\shaders\line_fs.glsl">
      <Filter>Source Files\shaders</Filter>
    </None>
    <None Include="..\x64\Debug\shaders\line_vs.glsl">
      <Filter>Source Files\shaders</Filter>
    </None>
  </ItemGroup>
</Project>