<?xml version="1.0" encoding="utf-8"?>
<Project ToolsVersion="4.0" xmlns="http://schemas.microsoft.com/developer/msbuild/2003">
  <ItemGroup>
    <Filter Include="Source Files">
      <UniqueIdentifier>{4FC737F1-C7A5-4376-A066-2A32D752A2FF}</UniqueIdentifier>
      <Extensions>cpp;c;cc;cxx;def;odl;idl;hpj;bat;asm;asmx</Extensions>
    </Filter>
    <Filter Include="Header Files">
      <UniqueIdentifier>{93995380-89BD-4b04-88EB-625FBE52EBFB}</UniqueIdentifier>
      <Extensions>h;hh;hpp;hxx;hm;inl;inc;xsd</Extensions>
    </Filter>
    <Filter Include="Resource Files">
      <UniqueIdentifier>{67DA6AB6-F800-4c08-8B7A-83BB121AAD01}</UniqueIdentifier>
      <Extensions>rc;ico;cur;bmp;dlg;rc2;rct;bin;rgs;gif;jpg;jpeg;jpe;resx;tiff;tif;png;wav;mfcribbon-ms</Extensions>
    </Filter>
    <Filter Include="Source Files\misc">
      <UniqueIdentifier>{34e443aa-5f8f-4ccf-adfa-a5eb7965cdf1}</UniqueIdentifier>
    </Filter>
    <Filter Include="Source Files\shaders">
      <UniqueIdentifier>{0a3dbb59-c5b9-436d-b9b8-24ec809249c4}</UniqueIdentifier>
    </Filter>
    <Filter Include="Source Files\lodepng">
      <UniqueIdentifier>{3562c500-82ab-4051-be74-05f2881d8703}</UniqueIdentifier>
    </Filter>
    <Filter Include="Source Files\graphics">
      <UniqueIdentifier>{40ff6a58-fc5a-4d65-819b-36e4e8702e6b}</UniqueIdentifier>
    </Filter>
    <Filter Include="Source Files\gameplay">
      <UniqueIdentifier>{74e27763-abb5-4455-a2fc-c05e00f7a0a1}</UniqueIdentifier>
    </Filter>
    <Filter Include="Source Files\input">
      <UniqueIdentifier>{e01b957f-8e3a-4e50-835a-453c5964d7ec}</UniqueIdentifier>
    </Filter>
  </ItemGroup>
  <ItemGroup>
    <Text Include="ReadMe.txt" />
  </ItemGroup>
  <ItemGroup>
    <ClInclude Include="stdafx.h">
      <Filter>Header Files</Filter>
    </ClInclude>
    <ClInclude Include="targetver.h">
      <Filter>Header Files</Filter>
    </ClInclude>
    <ClInclude Include="misc\ArrayInt.h">
      <Filter>Source Files\misc</Filter>
    </ClInclude>
    <ClInclude Include="misc\ArrayPtr.h">
      <Filter>Source Files\misc</Filter>
    </ClInclude>
    <ClInclude Include="misc\Auxi.h">
      <Filter>Source Files\misc</Filter>
    </ClInclude>
    <ClInclude Include="misc\BasicMem.h">
      <Filter>Source Files\misc</Filter>
    </ClInclude>
    <ClInclude Include="misc\CharHelper.h">
      <Filter>Source Files\misc</Filter>
    </ClInclude>
    <ClInclude Include="misc\ClassFactory.h">
      <Filter>Source Files\misc</Filter>
    </ClInclude>
    <ClInclude Include="misc\GUID.h">
      <Filter>Source Files\misc</Filter>
    </ClInclude>
    <ClInclude Include="misc\Macros.h">
      <Filter>Source Files\misc</Filter>
    </ClInclude>
    <ClInclude Include="misc\Timer.h">
      <Filter>Source Files\misc</Filter>
    </ClInclude>
    <ClInclude Include="misc\SimpleVector.h">
      <Filter>Source Files\misc</Filter>
    </ClInclude>
    <ClInclude Include="lodepng\lodepng.h">
      <Filter>Source Files\lodepng</Filter>
    </ClInclude>
    <ClInclude Include="lodepng\lodepng_util.h">
      <Filter>Source Files\lodepng</Filter>
    </ClInclude>
    <ClInclude Include="graphics\Renderer.h">
      <Filter>Source Files\graphics</Filter>
    </ClInclude>
    <ClInclude Include="misc\G.h">
      <Filter>Source Files\misc</Filter>
    </ClInclude>
    <ClInclude Include="graphics\GLManager.h">
      <Filter>Source Files\graphics</Filter>
    </ClInclude>
    <ClInclude Include="graphics\GLInstancedSprites.h">
      <Filter>Source Files\graphics</Filter>
    </ClInclude>
    <ClInclude Include="misc\ArrayT.h">
      <Filter>Source Files\misc</Filter>
    </ClInclude>
    <ClInclude Include="misc\ArrayStruct.h">
      <Filter>Source Files\misc</Filter>
    </ClInclude>
    <ClInclude Include="gameplay\Unit.h">
      <Filter>Source Files\gameplay</Filter>
    </ClInclude>
    <ClInclude Include="gameplay\Scene.h">
      <Filter>Source Files\gameplay</Filter>
    </ClInclude>
    <ClInclude Include="misc\WindowsInput.h">
      <Filter>Source Files\input</Filter>
    </ClInclude>
    <ClInclude Include="gameplay\InputManager.h">
      <Filter>Source Files\gameplay</Filter>
    </ClInclude>
    <ClInclude Include="gameplay\OObject.h">
      <Filter>Source Files\gameplay</Filter>
    </ClInclude>
    <ClInclude Include="gameplay\SelectorRect.h">
      <Filter>Source Files\gameplay</Filter>
    </ClInclude>
    <ClInclude Include="gameplay\Camera.h">
      <Filter>Source Files\gameplay</Filter>
    </ClInclude>
    <ClInclude Include="gameplay\StaticCollision.h">
      <Filter>Source Files\gameplay</Filter>
    </ClInclude>
    <ClInclude Include="graphics\GLIMLines.h">
      <Filter>Source Files\graphics</Filter>
    </ClInclude>
    <ClInclude Include="graphics\GLIMCubes.h">
      <Filter>Source Files\graphics</Filter>
    </ClInclude>
  </ItemGroup>
  <ItemGroup>
    <ClCompile Include="stdafx.cpp">
      <Filter>Source Files</Filter>
    </ClCompile>
    <ClCompile Include="RTS.cpp">
      <Filter>Source Files</Filter>
    </ClCompile>
    <ClCompile Include="misc\ArrayInt.cpp">
      <Filter>Source Files\misc</Filter>
    </ClCompile>
    <ClCompile Include="misc\ArrayPtr.cpp">
      <Filter>Source Files\misc</Filter>
    </ClCompile>
    <ClCompile Include="misc\Auxi.cpp">
      <Filter>Source Files\misc</Filter>
    </ClCompile>
    <ClCompile Include="misc\BasicMem.cpp">
      <Filter>Source Files\misc</Filter>
    </ClCompile>
    <ClCompile Include="misc\CharHelper.cpp">
      <Filter>Source Files\misc</Filter>
    </ClCompile>
    <ClCompile Include="misc\ClassFactory.cpp">
      <Filter>Source Files\misc</Filter>
    </ClCompile>
    <ClCompile Include="misc\GUID.cpp">
      <Filter>Source Files\misc</Filter>
    </ClCompile>
    <ClCompile Include="misc\Timer.cpp">
      <Filter>Source Files\misc</Filter>
    </ClCompile>
    <ClCompile Include="lodepng\lodepng.cpp">
      <Filter>Source Files\lodepng</Filter>
    </ClCompile>
    <ClCompile Include="lodepng\lodepng_util.cpp">
      <Filter>Source Files\lodepng</Filter>
    </ClCompile>
    <ClCompile Include="lodepng\pngdetail.cpp">
      <Filter>Source Files\lodepng</Filter>
    </ClCompile>
    <ClCompile Include="graphics\Renderer.cpp">
      <Filter>Source Files\graphics</Filter>
    </ClCompile>
    <ClCompile Include="misc\G.cpp">
      <Filter>Source Files\misc</Filter>
    </ClCompile>
    <ClCompile Include="graphics\GLManager.cpp">
      <Filter>Source Files\graphics</Filter>
    </ClCompile>
    <ClCompile Include="graphics\GLInstancedSprites.cpp">
      <Filter>Source Files\graphics</Filter>
    </ClCompile>
    <ClCompile Include="gameplay\Unit.cpp">
      <Filter>Source Files\gameplay</Filter>
    </ClCompile>
    <ClCompile Include="gameplay\Scene.cpp">
      <Filter>Source Files\gameplay</Filter>
    </ClCompile>
    <ClCompile Include="misc\WindowsInput.cpp">
      <Filter>Source Files\input</Filter>
    </ClCompile>
    <ClCompile Include="gameplay\InputManager.cpp">
      <Filter>Source Files\gameplay</Filter>
    </ClCompile>
    <ClCompile Include="gameplay\OObject.cpp">
      <Filter>Source Files\gameplay</Filter>
    </ClCompile>
    <ClCompile Include="gameplay\SelectorRect.cpp">
      <Filter>Source Files\gameplay</Filter>
    </ClCompile>
    <ClCompile Include="gameplay\Camera.cpp">
      <Filter>Source Files\gameplay</Filter>
    </ClCompile>
    <ClCompile Include="gameplay\StaticCollision.cpp">
      <Filter>Source Files\gameplay</Filter>
    </ClCompile>
    <ClCompile Include="graphics\GLIMLines.cpp">
      <Filter>Source Files\graphics</Filter>
    </ClCompile>
    <ClCompile Include="graphics\GLIMCubes.cpp">
      <Filter>Source Files\graphics</Filter>
    </ClCompile>
  </ItemGroup>
  <ItemGroup>
    <None Include="..\x64\Debug\shaders\sprite_fs.glsl">
      <Filter>Source Files\shaders</Filter>
    </None>
    <None Include="..\x64\Debug\shaders\sprite_vs.glsl">
      <Filter>Source Files\shaders</Filter>
    </None>
    <None Include="..\x64\Debug\shaders\cube_fs.glsl">
      <Filter>Source Files\shaders</Filter>
    </None>
    <None Include="..\x64\Debug\shaders\cube_vs.glsl">
      <Filter>Source Files\shaders</Filter>
    </None>
    <None Include="..\x64\Debug\shaders\line_fs.glsl">
      <Filter>Source Files\shaders</Filter>
    </None>
    <None Include="..\x64\Debug\shaders\line_vs.glsl">
      <Filter>Source Files\shaders</Filter>
    </None>
  </ItemGroup>
</Project>